// !$*UTF8*$!
{
	archiveVersion = 1;
	classes = {
	};
	objectVersion = 46;
	objects = {

/* Begin PBXBuildFile section */
		411E496D1ED7EF3000466992 /* ollblank.png in Resources */ = {isa = PBXBuildFile; fileRef = 411E49641ED7EF3000466992 /* ollblank.png */; };
		411E496E1ED7EF3000466992 /* ollarrow.png in Resources */ = {isa = PBXBuildFile; fileRef = 411E49651ED7EF3000466992 /* ollarrow.png */; };
		411E496F1ED7EF3000466992 /* ollline.png in Resources */ = {isa = PBXBuildFile; fileRef = 411E49661ED7EF3000466992 /* ollline.png */; };
		411E49701ED7EF3000466992 /* ollcross.png in Resources */ = {isa = PBXBuildFile; fileRef = 411E49671ED7EF3000466992 /* ollcross.png */; };
		411E49711ED7EF3000466992 /* ollone.png in Resources */ = {isa = PBXBuildFile; fileRef = 411E49681ED7EF3000466992 /* ollone.png */; };
		411E49721ED7EF3000466992 /* olltwo.png in Resources */ = {isa = PBXBuildFile; fileRef = 411E49691ED7EF3000466992 /* olltwo.png */; };
		411E49731ED7EF3000466992 /* ollfour.png in Resources */ = {isa = PBXBuildFile; fileRef = 411E496A1ED7EF3000466992 /* ollfour.png */; };
		411E49741ED7EF3000466992 /* ollcrossed.png in Resources */ = {isa = PBXBuildFile; fileRef = 411E496B1ED7EF3000466992 /* ollcrossed.png */; };
		411E49751ED7EF3000466992 /* ollcenter.png in Resources */ = {isa = PBXBuildFile; fileRef = 411E496C1ED7EF3000466992 /* ollcenter.png */; };
		4121C34E1EE23DAA005B5AAB /* CaseViewController.m in Sources */ = {isa = PBXBuildFile; fileRef = 4121C34D1EE23DAA005B5AAB /* CaseViewController.m */; };
		41E675CC1ED7D8DE0011938B /* oll1.png in Resources */ = {isa = PBXBuildFile; fileRef = 41E675CB1ED7D8DE0011938B /* oll1.png */; };
		41E675E81ED7E5640011938B /* oll27.png in Resources */ = {isa = PBXBuildFile; fileRef = 41E675CD1ED7E5640011938B /* oll27.png */; };
		41E675E91ED7E5640011938B /* oll26.png in Resources */ = {isa = PBXBuildFile; fileRef = 41E675CE1ED7E5640011938B /* oll26.png */; };
		41E675EA1ED7E5640011938B /* oll25.png in Resources */ = {isa = PBXBuildFile; fileRef = 41E675CF1ED7E5640011938B /* oll25.png */; };
		41E675EB1ED7E5640011938B /* oll24.png in Resources */ = {isa = PBXBuildFile; fileRef = 41E675D01ED7E5640011938B /* oll24.png */; };
		41E675EC1ED7E5640011938B /* oll23.png in Resources */ = {isa = PBXBuildFile; fileRef = 41E675D11ED7E5640011938B /* oll23.png */; };
		41E675ED1ED7E5640011938B /* oll22.png in Resources */ = {isa = PBXBuildFile; fileRef = 41E675D21ED7E5640011938B /* oll22.png */; };
		41E675EE1ED7E5640011938B /* oll21.png in Resources */ = {isa = PBXBuildFile; fileRef = 41E675D31ED7E5640011938B /* oll21.png */; };
		41E675EF1ED7E5640011938B /* oll20.png in Resources */ = {isa = PBXBuildFile; fileRef = 41E675D41ED7E5640011938B /* oll20.png */; };
		41E675F01ED7E5640011938B /* oll19.png in Resources */ = {isa = PBXBuildFile; fileRef = 41E675D51ED7E5640011938B /* oll19.png */; };
		41E675F11ED7E5640011938B /* oll18.png in Resources */ = {isa = PBXBuildFile; fileRef = 41E675D61ED7E5640011938B /* oll18.png */; };
		41E675F21ED7E5640011938B /* oll17.png in Resources */ = {isa = PBXBuildFile; fileRef = 41E675D71ED7E5640011938B /* oll17.png */; };
		41E675F31ED7E5640011938B /* oll16.png in Resources */ = {isa = PBXBuildFile; fileRef = 41E675D81ED7E5640011938B /* oll16.png */; };
		41E675F41ED7E5640011938B /* oll15.png in Resources */ = {isa = PBXBuildFile; fileRef = 41E675D91ED7E5640011938B /* oll15.png */; };
		41E675F51ED7E5640011938B /* oll14.png in Resources */ = {isa = PBXBuildFile; fileRef = 41E675DA1ED7E5640011938B /* oll14.png */; };
		41E675F61ED7E5640011938B /* oll13.png in Resources */ = {isa = PBXBuildFile; fileRef = 41E675DB1ED7E5640011938B /* oll13.png */; };
		41E675F71ED7E5640011938B /* oll12.png in Resources */ = {isa = PBXBuildFile; fileRef = 41E675DC1ED7E5640011938B /* oll12.png */; };
		41E675F81ED7E5640011938B /* oll11.png in Resources */ = {isa = PBXBuildFile; fileRef = 41E675DD1ED7E5640011938B /* oll11.png */; };
		41E675F91ED7E5640011938B /* oll10.png in Resources */ = {isa = PBXBuildFile; fileRef = 41E675DE1ED7E5640011938B /* oll10.png */; };
		41E675FA1ED7E5640011938B /* oll9.png in Resources */ = {isa = PBXBuildFile; fileRef = 41E675DF1ED7E5640011938B /* oll9.png */; };
		41E675FB1ED7E5640011938B /* oll8.png in Resources */ = {isa = PBXBuildFile; fileRef = 41E675E01ED7E5640011938B /* oll8.png */; };
		41E675FC1ED7E5640011938B /* oll2.png in Resources */ = {isa = PBXBuildFile; fileRef = 41E675E11ED7E5640011938B /* oll2.png */; };
		41E675FD1ED7E5640011938B /* oll7.png in Resources */ = {isa = PBXBuildFile; fileRef = 41E675E21ED7E5640011938B /* oll7.png */; };
		41E675FE1ED7E5640011938B /* oll6.png in Resources */ = {isa = PBXBuildFile; fileRef = 41E675E31ED7E5640011938B /* oll6.png */; };
		41E675FF1ED7E5640011938B /* oll5.png in Resources */ = {isa = PBXBuildFile; fileRef = 41E675E41ED7E5640011938B /* oll5.png */; };
		41E676001ED7E5640011938B /* oll4.png in Resources */ = {isa = PBXBuildFile; fileRef = 41E675E51ED7E5640011938B /* oll4.png */; };
		41E676011ED7E5640011938B /* oll3.png in Resources */ = {isa = PBXBuildFile; fileRef = 41E675E61ED7E5640011938B /* oll3.png */; };
		41E676021ED7E5640011938B /* oll1.png in Resources */ = {isa = PBXBuildFile; fileRef = 41E675E71ED7E5640011938B /* oll1.png */; };
		41E676211ED7EB230011938B /* oll57.png in Resources */ = {isa = PBXBuildFile; fileRef = 41E676031ED7EB230011938B /* oll57.png */; };
		41E676221ED7EB230011938B /* oll56.png in Resources */ = {isa = PBXBuildFile; fileRef = 41E676041ED7EB230011938B /* oll56.png */; };
		41E676231ED7EB230011938B /* oll55.png in Resources */ = {isa = PBXBuildFile; fileRef = 41E676051ED7EB230011938B /* oll55.png */; };
		41E676241ED7EB230011938B /* oll54.png in Resources */ = {isa = PBXBuildFile; fileRef = 41E676061ED7EB230011938B /* oll54.png */; };
		41E676251ED7EB230011938B /* oll53.png in Resources */ = {isa = PBXBuildFile; fileRef = 41E676071ED7EB230011938B /* oll53.png */; };
		41E676261ED7EB230011938B /* oll52.png in Resources */ = {isa = PBXBuildFile; fileRef = 41E676081ED7EB230011938B /* oll52.png */; };
		41E676271ED7EB230011938B /* oll51.png in Resources */ = {isa = PBXBuildFile; fileRef = 41E676091ED7EB230011938B /* oll51.png */; };
		41E676281ED7EB230011938B /* oll50.png in Resources */ = {isa = PBXBuildFile; fileRef = 41E6760A1ED7EB230011938B /* oll50.png */; };
		41E676291ED7EB230011938B /* oll49.png in Resources */ = {isa = PBXBuildFile; fileRef = 41E6760B1ED7EB230011938B /* oll49.png */; };
		41E6762A1ED7EB230011938B /* oll48.png in Resources */ = {isa = PBXBuildFile; fileRef = 41E6760C1ED7EB230011938B /* oll48.png */; };
		41E6762B1ED7EB230011938B /* oll47.png in Resources */ = {isa = PBXBuildFile; fileRef = 41E6760D1ED7EB230011938B /* oll47.png */; };
		41E6762C1ED7EB230011938B /* oll46.png in Resources */ = {isa = PBXBuildFile; fileRef = 41E6760E1ED7EB230011938B /* oll46.png */; };
		41E6762D1ED7EB230011938B /* oll45.png in Resources */ = {isa = PBXBuildFile; fileRef = 41E6760F1ED7EB230011938B /* oll45.png */; };
		41E6762E1ED7EB230011938B /* oll44.png in Resources */ = {isa = PBXBuildFile; fileRef = 41E676101ED7EB230011938B /* oll44.png */; };
		41E6762F1ED7EB230011938B /* oll43.png in Resources */ = {isa = PBXBuildFile; fileRef = 41E676111ED7EB230011938B /* oll43.png */; };
		41E676301ED7EB230011938B /* oll42.png in Resources */ = {isa = PBXBuildFile; fileRef = 41E676121ED7EB230011938B /* oll42.png */; };
		41E676311ED7EB230011938B /* oll41.png in Resources */ = {isa = PBXBuildFile; fileRef = 41E676131ED7EB230011938B /* oll41.png */; };
		41E676321ED7EB230011938B /* oll40.png in Resources */ = {isa = PBXBuildFile; fileRef = 41E676141ED7EB230011938B /* oll40.png */; };
		41E676331ED7EB230011938B /* oll39.png in Resources */ = {isa = PBXBuildFile; fileRef = 41E676151ED7EB230011938B /* oll39.png */; };
		41E676341ED7EB230011938B /* oll38.png in Resources */ = {isa = PBXBuildFile; fileRef = 41E676161ED7EB230011938B /* oll38.png */; };
		41E676351ED7EB230011938B /* oll37.png in Resources */ = {isa = PBXBuildFile; fileRef = 41E676171ED7EB230011938B /* oll37.png */; };
		41E676361ED7EB230011938B /* oll36.png in Resources */ = {isa = PBXBuildFile; fileRef = 41E676181ED7EB230011938B /* oll36.png */; };
		41E676371ED7EB230011938B /* oll35.png in Resources */ = {isa = PBXBuildFile; fileRef = 41E676191ED7EB230011938B /* oll35.png */; };
		41E676381ED7EB230011938B /* oll34.png in Resources */ = {isa = PBXBuildFile; fileRef = 41E6761A1ED7EB230011938B /* oll34.png */; };
		41E676391ED7EB230011938B /* oll33.png in Resources */ = {isa = PBXBuildFile; fileRef = 41E6761B1ED7EB230011938B /* oll33.png */; };
		41E6763A1ED7EB230011938B /* oll32.png in Resources */ = {isa = PBXBuildFile; fileRef = 41E6761C1ED7EB230011938B /* oll32.png */; };
		41E6763B1ED7EB230011938B /* oll31.png in Resources */ = {isa = PBXBuildFile; fileRef = 41E6761D1ED7EB230011938B /* oll31.png */; };
		41E6763C1ED7EB230011938B /* oll30.png in Resources */ = {isa = PBXBuildFile; fileRef = 41E6761E1ED7EB230011938B /* oll30.png */; };
		41E6763D1ED7EB230011938B /* oll29.png in Resources */ = {isa = PBXBuildFile; fileRef = 41E6761F1ED7EB230011938B /* oll29.png */; };
		41E6763E1ED7EB230011938B /* oll28.png in Resources */ = {isa = PBXBuildFile; fileRef = 41E676201ED7EB230011938B /* oll28.png */; };
		41EE46DD1AA372CA002AC26D /* iphone.storyboard in Resources */ = {isa = PBXBuildFile; fileRef = 41EE46DC1AA372CA002AC26D /* iphone.storyboard */; };
		773CF28C1AA2DACB009290DF /* main.m in Sources */ = {isa = PBXBuildFile; fileRef = 773CF28B1AA2DACB009290DF /* main.m */; };
		773CF28F1AA2DACB009290DF /* AppDelegate.m in Sources */ = {isa = PBXBuildFile; fileRef = 773CF28E1AA2DACB009290DF /* AppDelegate.m */; };
		773CF2921AA2DACB009290DF /* ViewController.m in Sources */ = {isa = PBXBuildFile; fileRef = 773CF2911AA2DACB009290DF /* ViewController.m */; };
		773CF2951AA2DACB009290DF /* Main.storyboard in Resources */ = {isa = PBXBuildFile; fileRef = 773CF2931AA2DACB009290DF /* Main.storyboard */; };
		773CF2971AA2DACB009290DF /* Images.xcassets in Resources */ = {isa = PBXBuildFile; fileRef = 773CF2961AA2DACB009290DF /* Images.xcassets */; };
		773CF29A1AA2DACB009290DF /* LaunchScreen.xib in Resources */ = {isa = PBXBuildFile; fileRef = 773CF2981AA2DACB009290DF /* LaunchScreen.xib */; };
		773CF2A61AA2DACB009290DF /* OLL_FinderTests.m in Sources */ = {isa = PBXBuildFile; fileRef = 773CF2A51AA2DACB009290DF /* OLL_FinderTests.m */; };
		773CF3341AA2EE3D009290DF /* Model.xcdatamodeld in Sources */ = {isa = PBXBuildFile; fileRef = 773CF3321AA2EE3D009290DF /* Model.xcdatamodeld */; };
		775BE74A1AA2F399000E3A9D /* OLLCase.m in Sources */ = {isa = PBXBuildFile; fileRef = 775BE7491AA2F399000E3A9D /* OLLCase.m */; };
		775BE74D1AA2F6D2000E3A9D /* CaseTableViewCell.m in Sources */ = {isa = PBXBuildFile; fileRef = 775BE74C1AA2F6D2000E3A9D /* CaseTableViewCell.m */; };
/* End PBXBuildFile section */

/* Begin PBXContainerItemProxy section */
		773CF2A01AA2DACB009290DF /* PBXContainerItemProxy */ = {
			isa = PBXContainerItemProxy;
			containerPortal = 773CF27E1AA2DACB009290DF /* Project object */;
			proxyType = 1;
			remoteGlobalIDString = 773CF2851AA2DACB009290DF;
			remoteInfo = "OLL Finder";
		};
/* End PBXContainerItemProxy section */

/* Begin PBXFileReference section */
		411E49641ED7EF3000466992 /* ollblank.png */ = {isa = PBXFileReference; lastKnownFileType = image.png; path = ollblank.png; sourceTree = "<group>"; };
		411E49651ED7EF3000466992 /* ollarrow.png */ = {isa = PBXFileReference; lastKnownFileType = image.png; path = ollarrow.png; sourceTree = "<group>"; };
		411E49661ED7EF3000466992 /* ollline.png */ = {isa = PBXFileReference; lastKnownFileType = image.png; path = ollline.png; sourceTree = "<group>"; };
		411E49671ED7EF3000466992 /* ollcross.png */ = {isa = PBXFileReference; lastKnownFileType = image.png; path = ollcross.png; sourceTree = "<group>"; };
		411E49681ED7EF3000466992 /* ollone.png */ = {isa = PBXFileReference; lastKnownFileType = image.png; path = ollone.png; sourceTree = "<group>"; };
		411E49691ED7EF3000466992 /* olltwo.png */ = {isa = PBXFileReference; lastKnownFileType = image.png; path = olltwo.png; sourceTree = "<group>"; };
		411E496A1ED7EF3000466992 /* ollfour.png */ = {isa = PBXFileReference; lastKnownFileType = image.png; path = ollfour.png; sourceTree = "<group>"; };
		411E496B1ED7EF3000466992 /* ollcrossed.png */ = {isa = PBXFileReference; lastKnownFileType = image.png; path = ollcrossed.png; sourceTree = "<group>"; };
		411E496C1ED7EF3000466992 /* ollcenter.png */ = {isa = PBXFileReference; lastKnownFileType = image.png; path = ollcenter.png; sourceTree = "<group>"; };
		4121C34C1EE23DAA005B5AAB /* CaseViewController.h */ = {isa = PBXFileReference; fileEncoding = 4; lastKnownFileType = sourcecode.c.h; path = CaseViewController.h; sourceTree = "<group>"; };
		4121C34D1EE23DAA005B5AAB /* CaseViewController.m */ = {isa = PBXFileReference; fileEncoding = 4; lastKnownFileType = sourcecode.c.objc; path = CaseViewController.m; sourceTree = "<group>"; };
		41E675CB1ED7D8DE0011938B /* oll1.png */ = {isa = PBXFileReference; lastKnownFileType = image.png; path = oll1.png; sourceTree = "<group>"; };
		41E675CD1ED7E5640011938B /* oll27.png */ = {isa = PBXFileReference; lastKnownFileType = image.png; path = oll27.png; sourceTree = "<group>"; };
		41E675CE1ED7E5640011938B /* oll26.png */ = {isa = PBXFileReference; lastKnownFileType = image.png; path = oll26.png; sourceTree = "<group>"; };
		41E675CF1ED7E5640011938B /* oll25.png */ = {isa = PBXFileReference; lastKnownFileType = image.png; path = oll25.png; sourceTree = "<group>"; };
		41E675D01ED7E5640011938B /* oll24.png */ = {isa = PBXFileReference; lastKnownFileType = image.png; path = oll24.png; sourceTree = "<group>"; };
		41E675D11ED7E5640011938B /* oll23.png */ = {isa = PBXFileReference; lastKnownFileType = image.png; path = oll23.png; sourceTree = "<group>"; };
		41E675D21ED7E5640011938B /* oll22.png */ = {isa = PBXFileReference; lastKnownFileType = image.png; path = oll22.png; sourceTree = "<group>"; };
		41E675D31ED7E5640011938B /* oll21.png */ = {isa = PBXFileReference; lastKnownFileType = image.png; path = oll21.png; sourceTree = "<group>"; };
		41E675D41ED7E5640011938B /* oll20.png */ = {isa = PBXFileReference; lastKnownFileType = image.png; path = oll20.png; sourceTree = "<group>"; };
		41E675D51ED7E5640011938B /* oll19.png */ = {isa = PBXFileReference; lastKnownFileType = image.png; path = oll19.png; sourceTree = "<group>"; };
		41E675D61ED7E5640011938B /* oll18.png */ = {isa = PBXFileReference; lastKnownFileType = image.png; path = oll18.png; sourceTree = "<group>"; };
		41E675D71ED7E5640011938B /* oll17.png */ = {isa = PBXFileReference; lastKnownFileType = image.png; path = oll17.png; sourceTree = "<group>"; };
		41E675D81ED7E5640011938B /* oll16.png */ = {isa = PBXFileReference; lastKnownFileType = image.png; path = oll16.png; sourceTree = "<group>"; };
		41E675D91ED7E5640011938B /* oll15.png */ = {isa = PBXFileReference; lastKnownFileType = image.png; path = oll15.png; sourceTree = "<group>"; };
		41E675DA1ED7E5640011938B /* oll14.png */ = {isa = PBXFileReference; lastKnownFileType = image.png; path = oll14.png; sourceTree = "<group>"; };
		41E675DB1ED7E5640011938B /* oll13.png */ = {isa = PBXFileReference; lastKnownFileType = image.png; path = oll13.png; sourceTree = "<group>"; };
		41E675DC1ED7E5640011938B /* oll12.png */ = {isa = PBXFileReference; lastKnownFileType = image.png; path = oll12.png; sourceTree = "<group>"; };
		41E675DD1ED7E5640011938B /* oll11.png */ = {isa = PBXFileReference; lastKnownFileType = image.png; path = oll11.png; sourceTree = "<group>"; };
		41E675DE1ED7E5640011938B /* oll10.png */ = {isa = PBXFileReference; lastKnownFileType = image.png; path = oll10.png; sourceTree = "<group>"; };
		41E675DF1ED7E5640011938B /* oll9.png */ = {isa = PBXFileReference; lastKnownFileType = image.png; path = oll9.png; sourceTree = "<group>"; };
		41E675E01ED7E5640011938B /* oll8.png */ = {isa = PBXFileReference; lastKnownFileType = image.png; path = oll8.png; sourceTree = "<group>"; };
		41E675E11ED7E5640011938B /* oll2.png */ = {isa = PBXFileReference; lastKnownFileType = image.png; path = oll2.png; sourceTree = "<group>"; };
		41E675E21ED7E5640011938B /* oll7.png */ = {isa = PBXFileReference; lastKnownFileType = image.png; path = oll7.png; sourceTree = "<group>"; };
		41E675E31ED7E5640011938B /* oll6.png */ = {isa = PBXFileReference; lastKnownFileType = image.png; path = oll6.png; sourceTree = "<group>"; };
		41E675E41ED7E5640011938B /* oll5.png */ = {isa = PBXFileReference; lastKnownFileType = image.png; path = oll5.png; sourceTree = "<group>"; };
		41E675E51ED7E5640011938B /* oll4.png */ = {isa = PBXFileReference; lastKnownFileType = image.png; path = oll4.png; sourceTree = "<group>"; };
		41E675E61ED7E5640011938B /* oll3.png */ = {isa = PBXFileReference; lastKnownFileType = image.png; path = oll3.png; sourceTree = "<group>"; };
		41E675E71ED7E5640011938B /* oll1.png */ = {isa = PBXFileReference; lastKnownFileType = image.png; path = oll1.png; sourceTree = "<group>"; };
		41E676031ED7EB230011938B /* oll57.png */ = {isa = PBXFileReference; lastKnownFileType = image.png; path = oll57.png; sourceTree = "<group>"; };
		41E676041ED7EB230011938B /* oll56.png */ = {isa = PBXFileReference; lastKnownFileType = image.png; path = oll56.png; sourceTree = "<group>"; };
		41E676051ED7EB230011938B /* oll55.png */ = {isa = PBXFileReference; lastKnownFileType = image.png; path = oll55.png; sourceTree = "<group>"; };
		41E676061ED7EB230011938B /* oll54.png */ = {isa = PBXFileReference; lastKnownFileType = image.png; path = oll54.png; sourceTree = "<group>"; };
		41E676071ED7EB230011938B /* oll53.png */ = {isa = PBXFileReference; lastKnownFileType = image.png; path = oll53.png; sourceTree = "<group>"; };
		41E676081ED7EB230011938B /* oll52.png */ = {isa = PBXFileReference; lastKnownFileType = image.png; path = oll52.png; sourceTree = "<group>"; };
		41E676091ED7EB230011938B /* oll51.png */ = {isa = PBXFileReference; lastKnownFileType = image.png; path = oll51.png; sourceTree = "<group>"; };
		41E6760A1ED7EB230011938B /* oll50.png */ = {isa = PBXFileReference; lastKnownFileType = image.png; path = oll50.png; sourceTree = "<group>"; };
		41E6760B1ED7EB230011938B /* oll49.png */ = {isa = PBXFileReference; lastKnownFileType = image.png; path = oll49.png; sourceTree = "<group>"; };
		41E6760C1ED7EB230011938B /* oll48.png */ = {isa = PBXFileReference; lastKnownFileType = image.png; path = oll48.png; sourceTree = "<group>"; };
		41E6760D1ED7EB230011938B /* oll47.png */ = {isa = PBXFileReference; lastKnownFileType = image.png; path = oll47.png; sourceTree = "<group>"; };
		41E6760E1ED7EB230011938B /* oll46.png */ = {isa = PBXFileReference; lastKnownFileType = image.png; path = oll46.png; sourceTree = "<group>"; };
		41E6760F1ED7EB230011938B /* oll45.png */ = {isa = PBXFileReference; lastKnownFileType = image.png; path = oll45.png; sourceTree = "<group>"; };
		41E676101ED7EB230011938B /* oll44.png */ = {isa = PBXFileReference; lastKnownFileType = image.png; path = oll44.png; sourceTree = "<group>"; };
		41E676111ED7EB230011938B /* oll43.png */ = {isa = PBXFileReference; lastKnownFileType = image.png; path = oll43.png; sourceTree = "<group>"; };
		41E676121ED7EB230011938B /* oll42.png */ = {isa = PBXFileReference; lastKnownFileType = image.png; path = oll42.png; sourceTree = "<group>"; };
		41E676131ED7EB230011938B /* oll41.png */ = {isa = PBXFileReference; lastKnownFileType = image.png; path = oll41.png; sourceTree = "<group>"; };
		41E676141ED7EB230011938B /* oll40.png */ = {isa = PBXFileReference; lastKnownFileType = image.png; path = oll40.png; sourceTree = "<group>"; };
		41E676151ED7EB230011938B /* oll39.png */ = {isa = PBXFileReference; lastKnownFileType = image.png; path = oll39.png; sourceTree = "<group>"; };
		41E676161ED7EB230011938B /* oll38.png */ = {isa = PBXFileReference; lastKnownFileType = image.png; path = oll38.png; sourceTree = "<group>"; };
		41E676171ED7EB230011938B /* oll37.png */ = {isa = PBXFileReference; lastKnownFileType = image.png; path = oll37.png; sourceTree = "<group>"; };
		41E676181ED7EB230011938B /* oll36.png */ = {isa = PBXFileReference; lastKnownFileType = image.png; path = oll36.png; sourceTree = "<group>"; };
		41E676191ED7EB230011938B /* oll35.png */ = {isa = PBXFileReference; lastKnownFileType = image.png; path = oll35.png; sourceTree = "<group>"; };
		41E6761A1ED7EB230011938B /* oll34.png */ = {isa = PBXFileReference; lastKnownFileType = image.png; path = oll34.png; sourceTree = "<group>"; };
		41E6761B1ED7EB230011938B /* oll33.png */ = {isa = PBXFileReference; lastKnownFileType = image.png; path = oll33.png; sourceTree = "<group>"; };
		41E6761C1ED7EB230011938B /* oll32.png */ = {isa = PBXFileReference; lastKnownFileType = image.png; path = oll32.png; sourceTree = "<group>"; };
		41E6761D1ED7EB230011938B /* oll31.png */ = {isa = PBXFileReference; lastKnownFileType = image.png; path = oll31.png; sourceTree = "<group>"; };
		41E6761E1ED7EB230011938B /* oll30.png */ = {isa = PBXFileReference; lastKnownFileType = image.png; path = oll30.png; sourceTree = "<group>"; };
		41E6761F1ED7EB230011938B /* oll29.png */ = {isa = PBXFileReference; lastKnownFileType = image.png; path = oll29.png; sourceTree = "<group>"; };
		41E676201ED7EB230011938B /* oll28.png */ = {isa = PBXFileReference; lastKnownFileType = image.png; path = oll28.png; sourceTree = "<group>"; };
		41EE46DC1AA372CA002AC26D /* iphone.storyboard */ = {isa = PBXFileReference; fileEncoding = 4; lastKnownFileType = file.storyboard; name = iphone.storyboard; path = ../iphone.storyboard; sourceTree = "<group>"; };
		773CF2861AA2DACB009290DF /* OLL Finder.app */ = {isa = PBXFileReference; explicitFileType = wrapper.application; includeInIndex = 0; path = "OLL Finder.app"; sourceTree = BUILT_PRODUCTS_DIR; };
		773CF28A1AA2DACB009290DF /* Info.plist */ = {isa = PBXFileReference; lastKnownFileType = text.plist.xml; path = Info.plist; sourceTree = "<group>"; };
		773CF28B1AA2DACB009290DF /* main.m */ = {isa = PBXFileReference; lastKnownFileType = sourcecode.c.objc; path = main.m; sourceTree = "<group>"; };
		773CF28D1AA2DACB009290DF /* AppDelegate.h */ = {isa = PBXFileReference; lastKnownFileType = sourcecode.c.h; path = AppDelegate.h; sourceTree = "<group>"; };
		773CF28E1AA2DACB009290DF /* AppDelegate.m */ = {isa = PBXFileReference; lastKnownFileType = sourcecode.c.objc; path = AppDelegate.m; sourceTree = "<group>"; };
		773CF2901AA2DACB009290DF /* ViewController.h */ = {isa = PBXFileReference; lastKnownFileType = sourcecode.c.h; path = ViewController.h; sourceTree = "<group>"; };
		773CF2911AA2DACB009290DF /* ViewController.m */ = {isa = PBXFileReference; lastKnownFileType = sourcecode.c.objc; path = ViewController.m; sourceTree = "<group>"; };
		773CF2941AA2DACB009290DF /* Base */ = {isa = PBXFileReference; lastKnownFileType = file.storyboard; name = Base; path = Base.lproj/Main.storyboard; sourceTree = "<group>"; };
		773CF2961AA2DACB009290DF /* Images.xcassets */ = {isa = PBXFileReference; lastKnownFileType = folder.assetcatalog; path = Images.xcassets; sourceTree = "<group>"; };
		773CF2991AA2DACB009290DF /* Base */ = {isa = PBXFileReference; lastKnownFileType = file.xib; name = Base; path = Base.lproj/LaunchScreen.xib; sourceTree = "<group>"; };
		773CF29F1AA2DACB009290DF /* OLL FinderTests.xctest */ = {isa = PBXFileReference; explicitFileType = wrapper.cfbundle; includeInIndex = 0; path = "OLL FinderTests.xctest"; sourceTree = BUILT_PRODUCTS_DIR; };
		773CF2A41AA2DACB009290DF /* Info.plist */ = {isa = PBXFileReference; lastKnownFileType = text.plist.xml; path = Info.plist; sourceTree = "<group>"; };
		773CF2A51AA2DACB009290DF /* OLL_FinderTests.m */ = {isa = PBXFileReference; lastKnownFileType = sourcecode.c.objc; path = OLL_FinderTests.m; sourceTree = "<group>"; };
		773CF3331AA2EE3D009290DF /* Model.xcdatamodel */ = {isa = PBXFileReference; lastKnownFileType = wrapper.xcdatamodel; path = Model.xcdatamodel; sourceTree = "<group>"; };
		775BE7481AA2F399000E3A9D /* OLLCase.h */ = {isa = PBXFileReference; fileEncoding = 4; lastKnownFileType = sourcecode.c.h; path = OLLCase.h; sourceTree = "<group>"; };
		775BE7491AA2F399000E3A9D /* OLLCase.m */ = {isa = PBXFileReference; fileEncoding = 4; lastKnownFileType = sourcecode.c.objc; path = OLLCase.m; sourceTree = "<group>"; };
		775BE74B1AA2F6D2000E3A9D /* CaseTableViewCell.h */ = {isa = PBXFileReference; fileEncoding = 4; lastKnownFileType = sourcecode.c.h; path = CaseTableViewCell.h; sourceTree = "<group>"; };
		775BE74C1AA2F6D2000E3A9D /* CaseTableViewCell.m */ = {isa = PBXFileReference; fileEncoding = 4; lastKnownFileType = sourcecode.c.objc; path = CaseTableViewCell.m; sourceTree = "<group>"; };
/* End PBXFileReference section */

/* Begin PBXFrameworksBuildPhase section */
		773CF2831AA2DACB009290DF /* Frameworks */ = {
			isa = PBXFrameworksBuildPhase;
			buildActionMask = 2147483647;
			files = (
			);
			runOnlyForDeploymentPostprocessing = 0;
		};
		773CF29C1AA2DACB009290DF /* Frameworks */ = {
			isa = PBXFrameworksBuildPhase;
			buildActionMask = 2147483647;
			files = (
			);
			runOnlyForDeploymentPostprocessing = 0;
		};
/* End PBXFrameworksBuildPhase section */

/* Begin PBXGroup section */
		773CF27D1AA2DACB009290DF = {
			isa = PBXGroup;
			children = (
				773CF2881AA2DACB009290DF /* OLL Finder */,
				773CF2A21AA2DACB009290DF /* OLL FinderTests */,
				773CF2871AA2DACB009290DF /* Products */,
			);
			sourceTree = "<group>";
		};
		773CF2871AA2DACB009290DF /* Products */ = {
			isa = PBXGroup;
			children = (
				773CF2861AA2DACB009290DF /* OLL Finder.app */,
				773CF29F1AA2DACB009290DF /* OLL FinderTests.xctest */,
			);
			name = Products;
			sourceTree = "<group>";
		};
		773CF2881AA2DACB009290DF /* OLL Finder */ = {
			isa = PBXGroup;
			children = (
				773CF3311AA2EE22009290DF /* Model */,
				773CF28D1AA2DACB009290DF /* AppDelegate.h */,
				773CF28E1AA2DACB009290DF /* AppDelegate.m */,
				773CF2901AA2DACB009290DF /* ViewController.h */,
				773CF2911AA2DACB009290DF /* ViewController.m */,
				4121C34C1EE23DAA005B5AAB /* CaseViewController.h */,
				4121C34D1EE23DAA005B5AAB /* CaseViewController.m */,
				775BE74B1AA2F6D2000E3A9D /* CaseTableViewCell.h */,
				775BE74C1AA2F6D2000E3A9D /* CaseTableViewCell.m */,
				773CF2931AA2DACB009290DF /* Main.storyboard */,
				41EE46DC1AA372CA002AC26D /* iphone.storyboard */,
				773CF2961AA2DACB009290DF /* Images.xcassets */,
				773CF2981AA2DACB009290DF /* LaunchScreen.xib */,
				773CF2891AA2DACB009290DF /* Supporting Files */,
			);
			path = "OLL Finder";
			sourceTree = "<group>";
		};
		773CF2891AA2DACB009290DF /* Supporting Files */ = {
			isa = PBXGroup;
			children = (
				411E49641ED7EF3000466992 /* ollblank.png */,
				411E49651ED7EF3000466992 /* ollarrow.png */,
				411E49661ED7EF3000466992 /* ollline.png */,
				411E49671ED7EF3000466992 /* ollcross.png */,
				411E49681ED7EF3000466992 /* ollone.png */,
				411E49691ED7EF3000466992 /* olltwo.png */,
				411E496A1ED7EF3000466992 /* ollfour.png */,
				411E496B1ED7EF3000466992 /* ollcrossed.png */,
				411E496C1ED7EF3000466992 /* ollcenter.png */,
				41E675CB1ED7D8DE0011938B /* oll1.png */,
				41E676031ED7EB230011938B /* oll57.png */,
				41E676041ED7EB230011938B /* oll56.png */,
				41E676051ED7EB230011938B /* oll55.png */,
				41E676061ED7EB230011938B /* oll54.png */,
				41E676071ED7EB230011938B /* oll53.png */,
				41E676081ED7EB230011938B /* oll52.png */,
				41E676091ED7EB230011938B /* oll51.png */,
				41E6760A1ED7EB230011938B /* oll50.png */,
				41E6760B1ED7EB230011938B /* oll49.png */,
				41E6760C1ED7EB230011938B /* oll48.png */,
				41E6760D1ED7EB230011938B /* oll47.png */,
				41E6760E1ED7EB230011938B /* oll46.png */,
				41E6760F1ED7EB230011938B /* oll45.png */,
				41E676101ED7EB230011938B /* oll44.png */,
				41E676111ED7EB230011938B /* oll43.png */,
				41E676121ED7EB230011938B /* oll42.png */,
				41E676131ED7EB230011938B /* oll41.png */,
				41E676141ED7EB230011938B /* oll40.png */,
				41E676151ED7EB230011938B /* oll39.png */,
				41E676161ED7EB230011938B /* oll38.png */,
				41E676171ED7EB230011938B /* oll37.png */,
				41E676181ED7EB230011938B /* oll36.png */,
				41E676191ED7EB230011938B /* oll35.png */,
				41E6761A1ED7EB230011938B /* oll34.png */,
				41E6761B1ED7EB230011938B /* oll33.png */,
				41E6761C1ED7EB230011938B /* oll32.png */,
				41E6761D1ED7EB230011938B /* oll31.png */,
				41E6761E1ED7EB230011938B /* oll30.png */,
				41E6761F1ED7EB230011938B /* oll29.png */,
				41E676201ED7EB230011938B /* oll28.png */,
				41E675CD1ED7E5640011938B /* oll27.png */,
				41E675CE1ED7E5640011938B /* oll26.png */,
				41E675CF1ED7E5640011938B /* oll25.png */,
				41E675D01ED7E5640011938B /* oll24.png */,
				41E675D11ED7E5640011938B /* oll23.png */,
				41E675D21ED7E5640011938B /* oll22.png */,
				41E675D31ED7E5640011938B /* oll21.png */,
				41E675D41ED7E5640011938B /* oll20.png */,
				41E675D51ED7E5640011938B /* oll19.png */,
				41E675D61ED7E5640011938B /* oll18.png */,
				41E675D71ED7E5640011938B /* oll17.png */,
				41E675D81ED7E5640011938B /* oll16.png */,
				41E675D91ED7E5640011938B /* oll15.png */,
				41E675DA1ED7E5640011938B /* oll14.png */,
				41E675DB1ED7E5640011938B /* oll13.png */,
				41E675DC1ED7E5640011938B /* oll12.png */,
				41E675DD1ED7E5640011938B /* oll11.png */,
				41E675DE1ED7E5640011938B /* oll10.png */,
				41E675DF1ED7E5640011938B /* oll9.png */,
				41E675E01ED7E5640011938B /* oll8.png */,
				41E675E21ED7E5640011938B /* oll7.png */,
				41E675E31ED7E5640011938B /* oll6.png */,
				41E675E41ED7E5640011938B /* oll5.png */,
				41E675E51ED7E5640011938B /* oll4.png */,
				41E675E61ED7E5640011938B /* oll3.png */,
				41E675E11ED7E5640011938B /* oll2.png */,
				41E675E71ED7E5640011938B /* oll1.png */,
				773CF28A1AA2DACB009290DF /* Info.plist */,
				773CF28B1AA2DACB009290DF /* main.m */,
			);
			name = "Supporting Files";
			sourceTree = "<group>";
		};
		773CF2A21AA2DACB009290DF /* OLL FinderTests */ = {
			isa = PBXGroup;
			children = (
				773CF2A51AA2DACB009290DF /* OLL_FinderTests.m */,
				773CF2A31AA2DACB009290DF /* Supporting Files */,
			);
			path = "OLL FinderTests";
			sourceTree = "<group>";
		};
		773CF2A31AA2DACB009290DF /* Supporting Files */ = {
			isa = PBXGroup;
			children = (
				773CF2A41AA2DACB009290DF /* Info.plist */,
			);
			name = "Supporting Files";
			sourceTree = "<group>";
		};
		773CF3311AA2EE22009290DF /* Model */ = {
			isa = PBXGroup;
			children = (
				773CF3321AA2EE3D009290DF /* Model.xcdatamodeld */,
				775BE7481AA2F399000E3A9D /* OLLCase.h */,
				775BE7491AA2F399000E3A9D /* OLLCase.m */,
			);
			name = Model;
			sourceTree = "<group>";
		};
/* End PBXGroup section */

/* Begin PBXNativeTarget section */
		773CF2851AA2DACB009290DF /* OLL Finder */ = {
			isa = PBXNativeTarget;
			buildConfigurationList = 773CF2A91AA2DACB009290DF /* Build configuration list for PBXNativeTarget "OLL Finder" */;
			buildPhases = (
				773CF2821AA2DACB009290DF /* Sources */,
				773CF2831AA2DACB009290DF /* Frameworks */,
				773CF2841AA2DACB009290DF /* Resources */,
			);
			buildRules = (
			);
			dependencies = (
			);
			name = "OLL Finder";
			productName = "OLL Finder";
			productReference = 773CF2861AA2DACB009290DF /* OLL Finder.app */;
			productType = "com.apple.product-type.application";
		};
		773CF29E1AA2DACB009290DF /* OLL FinderTests */ = {
			isa = PBXNativeTarget;
			buildConfigurationList = 773CF2AC1AA2DACB009290DF /* Build configuration list for PBXNativeTarget "OLL FinderTests" */;
			buildPhases = (
				773CF29B1AA2DACB009290DF /* Sources */,
				773CF29C1AA2DACB009290DF /* Frameworks */,
				773CF29D1AA2DACB009290DF /* Resources */,
			);
			buildRules = (
			);
			dependencies = (
				773CF2A11AA2DACB009290DF /* PBXTargetDependency */,
			);
			name = "OLL FinderTests";
			productName = "OLL FinderTests";
			productReference = 773CF29F1AA2DACB009290DF /* OLL FinderTests.xctest */;
			productType = "com.apple.product-type.bundle.unit-test";
		};
/* End PBXNativeTarget section */

/* Begin PBXProject section */
		773CF27E1AA2DACB009290DF /* Project object */ = {
			isa = PBXProject;
			attributes = {
				LastUpgradeCheck = 0610;
				ORGANIZATIONNAME = "Andres Sada Govela";
				TargetAttributes = {
					773CF2851AA2DACB009290DF = {
						CreatedOnToolsVersion = 6.1;
						DevelopmentTeam = YCE3342473;
					};
					773CF29E1AA2DACB009290DF = {
						CreatedOnToolsVersion = 6.1;
						TestTargetID = 773CF2851AA2DACB009290DF;
					};
				};
			};
			buildConfigurationList = 773CF2811AA2DACB009290DF /* Build configuration list for PBXProject "OLL Finder" */;
			compatibilityVersion = "Xcode 3.2";
			developmentRegion = English;
			hasScannedForEncodings = 0;
			knownRegions = (
				en,
				Base,
			);
			mainGroup = 773CF27D1AA2DACB009290DF;
			productRefGroup = 773CF2871AA2DACB009290DF /* Products */;
			projectDirPath = "";
			projectRoot = "";
			targets = (
				773CF2851AA2DACB009290DF /* OLL Finder */,
				773CF29E1AA2DACB009290DF /* OLL FinderTests */,
			);
		};
/* End PBXProject section */

/* Begin PBXResourcesBuildPhase section */
		773CF2841AA2DACB009290DF /* Resources */ = {
			isa = PBXResourcesBuildPhase;
			buildActionMask = 2147483647;
			files = (
				41E6762C1ED7EB230011938B /* oll46.png in Resources */,
				41E675F61ED7E5640011938B /* oll13.png in Resources */,
				41E675FC1ED7E5640011938B /* oll2.png in Resources */,
				41E676291ED7EB230011938B /* oll49.png in Resources */,
				411E49731ED7EF3000466992 /* ollfour.png in Resources */,
				41E675F91ED7E5640011938B /* oll10.png in Resources */,
				41E676221ED7EB230011938B /* oll56.png in Resources */,
				41E675EA1ED7E5640011938B /* oll25.png in Resources */,
				41E676331ED7EB230011938B /* oll39.png in Resources */,
				411E49711ED7EF3000466992 /* ollone.png in Resources */,
				41E6763D1ED7EB230011938B /* oll29.png in Resources */,
				41E676311ED7EB230011938B /* oll41.png in Resources */,
				41E676381ED7EB230011938B /* oll34.png in Resources */,
				773CF2951AA2DACB009290DF /* Main.storyboard in Resources */,
				41E675F51ED7E5640011938B /* oll14.png in Resources */,
				41E6762E1ED7EB230011938B /* oll44.png in Resources */,
				411E496E1ED7EF3000466992 /* ollarrow.png in Resources */,
				41E675EE1ED7E5640011938B /* oll21.png in Resources */,
				41E676271ED7EB230011938B /* oll51.png in Resources */,
				41E675FF1ED7E5640011938B /* oll5.png in Resources */,
				411E496D1ED7EF3000466992 /* ollblank.png in Resources */,
				41E675F71ED7E5640011938B /* oll12.png in Resources */,
				41E6763E1ED7EB230011938B /* oll28.png in Resources */,
				41E6762B1ED7EB230011938B /* oll47.png in Resources */,
				41E6762D1ED7EB230011938B /* oll45.png in Resources */,
				41E676001ED7E5640011938B /* oll4.png in Resources */,
				411E49721ED7EF3000466992 /* olltwo.png in Resources */,
				41E676261ED7EB230011938B /* oll52.png in Resources */,
				411E49741ED7EF3000466992 /* ollcrossed.png in Resources */,
				41E675F41ED7E5640011938B /* oll15.png in Resources */,
				41E676251ED7EB230011938B /* oll53.png in Resources */,
				41EE46DD1AA372CA002AC26D /* iphone.storyboard in Resources */,
				41E676341ED7EB230011938B /* oll38.png in Resources */,
				41E676281ED7EB230011938B /* oll50.png in Resources */,
				41E675F21ED7E5640011938B /* oll17.png in Resources */,
				41E676391ED7EB230011938B /* oll33.png in Resources */,
				41E675ED1ED7E5640011938B /* oll22.png in Resources */,
				41E6763C1ED7EB230011938B /* oll30.png in Resources */,
				41E676301ED7EB230011938B /* oll42.png in Resources */,
				41E676321ED7EB230011938B /* oll40.png in Resources */,
				41E676011ED7E5640011938B /* oll3.png in Resources */,
				41E675CC1ED7D8DE0011938B /* oll1.png in Resources */,
				41E675F31ED7E5640011938B /* oll16.png in Resources */,
				41E675E91ED7E5640011938B /* oll26.png in Resources */,
				41E676231ED7EB230011938B /* oll55.png in Resources */,
				41E675FB1ED7E5640011938B /* oll8.png in Resources */,
				773CF29A1AA2DACB009290DF /* LaunchScreen.xib in Resources */,
				41E6763A1ED7EB230011938B /* oll32.png in Resources */,
				41E675F81ED7E5640011938B /* oll11.png in Resources */,
				41E676021ED7E5640011938B /* oll1.png in Resources */,
				411E49751ED7EF3000466992 /* ollcenter.png in Resources */,
				41E675FD1ED7E5640011938B /* oll7.png in Resources */,
				41E676371ED7EB230011938B /* oll35.png in Resources */,
				41E676241ED7EB230011938B /* oll54.png in Resources */,
				41E675F11ED7E5640011938B /* oll18.png in Resources */,
				41E675F01ED7E5640011938B /* oll19.png in Resources */,
				411E496F1ED7EF3000466992 /* ollline.png in Resources */,
				41E675E81ED7E5640011938B /* oll27.png in Resources */,
				41E6763B1ED7EB230011938B /* oll31.png in Resources */,
				411E49701ED7EF3000466992 /* ollcross.png in Resources */,
				41E676351ED7EB230011938B /* oll37.png in Resources */,
				41E6762A1ED7EB230011938B /* oll48.png in Resources */,
				41E676361ED7EB230011938B /* oll36.png in Resources */,
				773CF2971AA2DACB009290DF /* Images.xcassets in Resources */,
				41E675EB1ED7E5640011938B /* oll24.png in Resources */,
				41E675FA1ED7E5640011938B /* oll9.png in Resources */,
				41E675EC1ED7E5640011938B /* oll23.png in Resources */,
				41E675EF1ED7E5640011938B /* oll20.png in Resources */,
				41E6762F1ED7EB230011938B /* oll43.png in Resources */,
				41E676211ED7EB230011938B /* oll57.png in Resources */,
				41E675FE1ED7E5640011938B /* oll6.png in Resources */,
			);
			runOnlyForDeploymentPostprocessing = 0;
		};
		773CF29D1AA2DACB009290DF /* Resources */ = {
			isa = PBXResourcesBuildPhase;
			buildActionMask = 2147483647;
			files = (
			);
			runOnlyForDeploymentPostprocessing = 0;
		};
/* End PBXResourcesBuildPhase section */

/* Begin PBXSourcesBuildPhase section */
		773CF2821AA2DACB009290DF /* Sources */ = {
			isa = PBXSourcesBuildPhase;
			buildActionMask = 2147483647;
			files = (
				773CF2921AA2DACB009290DF /* ViewController.m in Sources */,
				773CF28F1AA2DACB009290DF /* AppDelegate.m in Sources */,
				773CF28C1AA2DACB009290DF /* main.m in Sources */,
				775BE74D1AA2F6D2000E3A9D /* CaseTableViewCell.m in Sources */,
				773CF3341AA2EE3D009290DF /* Model.xcdatamodeld in Sources */,
				4121C34E1EE23DAA005B5AAB /* CaseViewController.m in Sources */,
				775BE74A1AA2F399000E3A9D /* OLLCase.m in Sources */,
			);
			runOnlyForDeploymentPostprocessing = 0;
		};
		773CF29B1AA2DACB009290DF /* Sources */ = {
			isa = PBXSourcesBuildPhase;
			buildActionMask = 2147483647;
			files = (
				773CF2A61AA2DACB009290DF /* OLL_FinderTests.m in Sources */,
			);
			runOnlyForDeploymentPostprocessing = 0;
		};
/* End PBXSourcesBuildPhase section */

/* Begin PBXTargetDependency section */
		773CF2A11AA2DACB009290DF /* PBXTargetDependency */ = {
			isa = PBXTargetDependency;
			target = 773CF2851AA2DACB009290DF /* OLL Finder */;
			targetProxy = 773CF2A01AA2DACB009290DF /* PBXContainerItemProxy */;
		};
/* End PBXTargetDependency section */

/* Begin PBXVariantGroup section */
		773CF2931AA2DACB009290DF /* Main.storyboard */ = {
			isa = PBXVariantGroup;
			children = (
				773CF2941AA2DACB009290DF /* Base */,
			);
			name = Main.storyboard;
			sourceTree = "<group>";
		};
		773CF2981AA2DACB009290DF /* LaunchScreen.xib */ = {
			isa = PBXVariantGroup;
			children = (
				773CF2991AA2DACB009290DF /* Base */,
			);
			name = LaunchScreen.xib;
			sourceTree = "<group>";
		};
/* End PBXVariantGroup section */

/* Begin XCBuildConfiguration section */
		773CF2A71AA2DACB009290DF /* Debug */ = {
			isa = XCBuildConfiguration;
			buildSettings = {
				ALWAYS_SEARCH_USER_PATHS = NO;
				CLANG_CXX_LANGUAGE_STANDARD = "gnu++0x";
				CLANG_CXX_LIBRARY = "libc++";
				CLANG_ENABLE_MODULES = YES;
				CLANG_ENABLE_OBJC_ARC = YES;
				CLANG_WARN_BOOL_CONVERSION = YES;
				CLANG_WARN_CONSTANT_CONVERSION = YES;
				CLANG_WARN_DIRECT_OBJC_ISA_USAGE = YES_ERROR;
				CLANG_WARN_EMPTY_BODY = YES;
				CLANG_WARN_ENUM_CONVERSION = YES;
				CLANG_WARN_INT_CONVERSION = YES;
				CLANG_WARN_OBJC_ROOT_CLASS = YES_ERROR;
				CLANG_WARN_UNREACHABLE_CODE = YES;
				CLANG_WARN__DUPLICATE_METHOD_MATCH = YES;
				"CODE_SIGN_IDENTITY[sdk=iphoneos*]" = "iPhone Developer";
				COPY_PHASE_STRIP = NO;
				ENABLE_STRICT_OBJC_MSGSEND = YES;
				GCC_C_LANGUAGE_STANDARD = gnu99;
				GCC_DYNAMIC_NO_PIC = NO;
				GCC_OPTIMIZATION_LEVEL = 0;
				GCC_PREPROCESSOR_DEFINITIONS = (
					"DEBUG=1",
					"$(inherited)",
				);
				GCC_SYMBOLS_PRIVATE_EXTERN = NO;
				GCC_WARN_64_TO_32_BIT_CONVERSION = YES;
				GCC_WARN_ABOUT_RETURN_TYPE = YES_ERROR;
				GCC_WARN_UNDECLARED_SELECTOR = YES;
				GCC_WARN_UNINITIALIZED_AUTOS = YES_AGGRESSIVE;
				GCC_WARN_UNUSED_FUNCTION = YES;
				GCC_WARN_UNUSED_VARIABLE = YES;
				IPHONEOS_DEPLOYMENT_TARGET = 8.1;
				MTL_ENABLE_DEBUG_INFO = YES;
				ONLY_ACTIVE_ARCH = YES;
				SDKROOT = iphoneos;
				TARGETED_DEVICE_FAMILY = "1,2";
			};
			name = Debug;
		};
		773CF2A81AA2DACB009290DF /* Release */ = {
			isa = XCBuildConfiguration;
			buildSettings = {
				ALWAYS_SEARCH_USER_PATHS = NO;
				CLANG_CXX_LANGUAGE_STANDARD = "gnu++0x";
				CLANG_CXX_LIBRARY = "libc++";
				CLANG_ENABLE_MODULES = YES;
				CLANG_ENABLE_OBJC_ARC = YES;
				CLANG_WARN_BOOL_CONVERSION = YES;
				CLANG_WARN_CONSTANT_CONVERSION = YES;
				CLANG_WARN_DIRECT_OBJC_ISA_USAGE = YES_ERROR;
				CLANG_WARN_EMPTY_BODY = YES;
				CLANG_WARN_ENUM_CONVERSION = YES;
				CLANG_WARN_INT_CONVERSION = YES;
				CLANG_WARN_OBJC_ROOT_CLASS = YES_ERROR;
				CLANG_WARN_UNREACHABLE_CODE = YES;
				CLANG_WARN__DUPLICATE_METHOD_MATCH = YES;
				"CODE_SIGN_IDENTITY[sdk=iphoneos*]" = "iPhone Developer";
				COPY_PHASE_STRIP = YES;
				ENABLE_NS_ASSERTIONS = NO;
				ENABLE_STRICT_OBJC_MSGSEND = YES;
				GCC_C_LANGUAGE_STANDARD = gnu99;
				GCC_WARN_64_TO_32_BIT_CONVERSION = YES;
				GCC_WARN_ABOUT_RETURN_TYPE = YES_ERROR;
				GCC_WARN_UNDECLARED_SELECTOR = YES;
				GCC_WARN_UNINITIALIZED_AUTOS = YES_AGGRESSIVE;
				GCC_WARN_UNUSED_FUNCTION = YES;
				GCC_WARN_UNUSED_VARIABLE = YES;
				IPHONEOS_DEPLOYMENT_TARGET = 8.1;
				MTL_ENABLE_DEBUG_INFO = NO;
				SDKROOT = iphoneos;
				TARGETED_DEVICE_FAMILY = "1,2";
				VALIDATE_PRODUCT = YES;
			};
			name = Release;
		};
		773CF2AA1AA2DACB009290DF /* Debug */ = {
			isa = XCBuildConfiguration;
			buildSettings = {
				ASSETCATALOG_COMPILER_APPICON_NAME = AppIcon;
				CODE_SIGN_IDENTITY = "iPhone Developer";
				INFOPLIST_FILE = "OLL Finder/Info.plist";
				IPHONEOS_DEPLOYMENT_TARGET = 7.1;
				LD_RUNPATH_SEARCH_PATHS = "$(inherited) @executable_path/Frameworks";
				PRODUCT_NAME = "$(TARGET_NAME)";
				TARGETED_DEVICE_FAMILY = "1,2";
			};
			name = Debug;
		};
		773CF2AB1AA2DACB009290DF /* Release */ = {
			isa = XCBuildConfiguration;
			buildSettings = {
				ASSETCATALOG_COMPILER_APPICON_NAME = AppIcon;
				CODE_SIGN_IDENTITY = "iPhone Developer";
				INFOPLIST_FILE = "OLL Finder/Info.plist";
				IPHONEOS_DEPLOYMENT_TARGET = 7.1;
				LD_RUNPATH_SEARCH_PATHS = "$(inherited) @executable_path/Frameworks";
				PRODUCT_NAME = "$(TARGET_NAME)";
				TARGETED_DEVICE_FAMILY = "1,2";
			};
			name = Release;
		};
		773CF2AD1AA2DACB009290DF /* Debug */ = {
			isa = XCBuildConfiguration;
			buildSettings = {
				BUNDLE_LOADER = "$(TEST_HOST)";
				FRAMEWORK_SEARCH_PATHS = (
					"$(SDKROOT)/Developer/Library/Frameworks",
					"$(inherited)",
				);
				GCC_PREPROCESSOR_DEFINITIONS = (
					"DEBUG=1",
					"$(inherited)",
				);
				INFOPLIST_FILE = "OLL FinderTests/Info.plist";
				LD_RUNPATH_SEARCH_PATHS = "$(inherited) @executable_path/Frameworks @loader_path/Frameworks";
				PRODUCT_NAME = "$(TARGET_NAME)";
				TEST_HOST = "$(BUILT_PRODUCTS_DIR)/OLL Finder.app/OLL Finder";
			};
			name = Debug;
		};
		773CF2AE1AA2DACB009290DF /* Release */ = {
			isa = XCBuildConfiguration;
			buildSettings = {
				BUNDLE_LOADER = "$(TEST_HOST)";
				FRAMEWORK_SEARCH_PATHS = (
					"$(SDKROOT)/Developer/Library/Frameworks",
					"$(inherited)",
				);
				INFOPLIST_FILE = "OLL FinderTests/Info.plist";
				LD_RUNPATH_SEARCH_PATHS = "$(inherited) @executable_path/Frameworks @loader_path/Frameworks";
				PRODUCT_NAME = "$(TARGET_NAME)";
				TEST_HOST = "$(BUILT_PRODUCTS_DIR)/OLL Finder.app/OLL Finder";
			};
			name = Release;
		};
/* End XCBuildConfiguration section */

/* Begin XCConfigurationList section */
		773CF2811AA2DACB009290DF /* Build configuration list for PBXProject "OLL Finder" */ = {
			isa = XCConfigurationList;
			buildConfigurations = (
				773CF2A71AA2DACB009290DF /* Debug */,
				773CF2A81AA2DACB009290DF /* Release */,
			);
			defaultConfigurationIsVisible = 0;
			defaultConfigurationName = Release;
		};
		773CF2A91AA2DACB009290DF /* Build configuration list for PBXNativeTarget "OLL Finder" */ = {
			isa = XCConfigurationList;
			buildConfigurations = (
				773CF2AA1AA2DACB009290DF /* Debug */,
				773CF2AB1AA2DACB009290DF /* Release */,
			);
			defaultConfigurationIsVisible = 0;
			defaultConfigurationName = Release;
		};
		773CF2AC1AA2DACB009290DF /* Build configuration list for PBXNativeTarget "OLL FinderTests" */ = {
			isa = XCConfigurationList;
			buildConfigurations = (
				773CF2AD1AA2DACB009290DF /* Debug */,
				773CF2AE1AA2DACB009290DF /* Release */,
			);
			defaultConfigurationIsVisible = 0;
			defaultConfigurationName = Release;
		};
/* End XCConfigurationList section */

/* Begin XCVersionGroup section */
		773CF3321AA2EE3D009290DF /* Model.xcdatamodeld */ = {
			isa = XCVersionGroup;
			children = (
				773CF3331AA2EE3D009290DF /* Model.xcdatamodel */,
			);
			currentVersion = 773CF3331AA2EE3D009290DF /* Model.xcdatamodel */;
			path = Model.xcdatamodeld;
			sourceTree = "<group>";
			versionGroupType = wrapper.xcdatamodel;
		};
/* End XCVersionGroup section */
	};
	rootObject = 773CF27E1AA2DACB009290DF /* Project object */;
}
